// !$*UTF8*$!
{
	archiveVersion = 1;
	classes = {
	};
	objectVersion = 50;
	objects = {

/* Begin PBXBuildFile section */
		ACF747B820EF609100E72276 /* AppDelegate.swift in Sources */ = {isa = PBXBuildFile; fileRef = ACF747B720EF609100E72276 /* AppDelegate.swift */; };
		ACF747BA20EF609100E72276 /* ViewController.swift in Sources */ = {isa = PBXBuildFile; fileRef = ACF747B920EF609100E72276 /* ViewController.swift */; };
		ACF747BD20EF609100E72276 /* Main.storyboard in Resources */ = {isa = PBXBuildFile; fileRef = ACF747BB20EF609100E72276 /* Main.storyboard */; };
		ACF747BF20EF609100E72276 /* Assets.xcassets in Resources */ = {isa = PBXBuildFile; fileRef = ACF747BE20EF609100E72276 /* Assets.xcassets */; };
		ACF747C220EF609100E72276 /* LaunchScreen.storyboard in Resources */ = {isa = PBXBuildFile; fileRef = ACF747C020EF609100E72276 /* LaunchScreen.storyboard */; };
		ACF747CD20EF6CDA00E72276 /* AppInfo.swift in Sources */ = {isa = PBXBuildFile; fileRef = ACF747CC20EF6CDA00E72276 /* AppInfo.swift */; };
/* End PBXBuildFile section */

/* Begin PBXFileReference section */
		ACF747B420EF609100E72276 /* AppVersionSample.app */ = {isa = PBXFileReference; explicitFileType = wrapper.application; includeInIndex = 0; path = AppVersionSample.app; sourceTree = BUILT_PRODUCTS_DIR; };
		ACF747B720EF609100E72276 /* AppDelegate.swift */ = {isa = PBXFileReference; lastKnownFileType = sourcecode.swift; path = AppDelegate.swift; sourceTree = "<group>"; };
		ACF747B920EF609100E72276 /* ViewController.swift */ = {isa = PBXFileReference; lastKnownFileType = sourcecode.swift; path = ViewController.swift; sourceTree = "<group>"; };
		ACF747BC20EF609100E72276 /* Base */ = {isa = PBXFileReference; lastKnownFileType = file.storyboard; name = Base; path = Base.lproj/Main.storyboard; sourceTree = "<group>"; };
		ACF747BE20EF609100E72276 /* Assets.xcassets */ = {isa = PBXFileReference; lastKnownFileType = folder.assetcatalog; path = Assets.xcassets; sourceTree = "<group>"; };
		ACF747C120EF609100E72276 /* Base */ = {isa = PBXFileReference; lastKnownFileType = file.storyboard; name = Base; path = Base.lproj/LaunchScreen.storyboard; sourceTree = "<group>"; };
		ACF747C320EF609100E72276 /* Info.plist */ = {isa = PBXFileReference; lastKnownFileType = text.plist.xml; path = Info.plist; sourceTree = "<group>"; };
		ACF747CC20EF6CDA00E72276 /* AppInfo.swift */ = {isa = PBXFileReference; fileEncoding = 4; lastKnownFileType = sourcecode.swift; path = AppInfo.swift; sourceTree = "<group>"; };
/* End PBXFileReference section */

/* Begin PBXFrameworksBuildPhase section */
		ACF747B120EF609100E72276 /* Frameworks */ = {
			isa = PBXFrameworksBuildPhase;
			buildActionMask = 2147483647;
			files = (
			);
			runOnlyForDeploymentPostprocessing = 0;
		};
/* End PBXFrameworksBuildPhase section */

/* Begin PBXGroup section */
		ACF747AB20EF609100E72276 = {
			isa = PBXGroup;
			children = (
				ACF747CC20EF6CDA00E72276 /* AppInfo.swift */,
				ACF747B620EF609100E72276 /* AppVersionSample */,
				ACF747B520EF609100E72276 /* Products */,
			);
			sourceTree = "<group>";
		};
		ACF747B520EF609100E72276 /* Products */ = {
			isa = PBXGroup;
			children = (
				ACF747B420EF609100E72276 /* AppVersionSample.app */,
			);
			name = Products;
			sourceTree = "<group>";
		};
		ACF747B620EF609100E72276 /* AppVersionSample */ = {
			isa = PBXGroup;
			children = (
				ACF747B720EF609100E72276 /* AppDelegate.swift */,
				ACF747B920EF609100E72276 /* ViewController.swift */,
				ACF747BB20EF609100E72276 /* Main.storyboard */,
				ACF747BE20EF609100E72276 /* Assets.xcassets */,
				ACF747C020EF609100E72276 /* LaunchScreen.storyboard */,
				ACF747C320EF609100E72276 /* Info.plist */,
			);
			path = AppVersionSample;
			sourceTree = "<group>";
		};
/* End PBXGroup section */

/* Begin PBXNativeTarget section */
		ACF747B320EF609100E72276 /* AppVersionSample */ = {
			isa = PBXNativeTarget;
			buildConfigurationList = ACF747C620EF609100E72276 /* Build configuration list for PBXNativeTarget "AppVersionSample" */;
			buildPhases = (
				ACF747C920EF613B00E72276 /* Run Script- Generate AppInfo */,
				ACF747B020EF609100E72276 /* Sources */,
				ACF747B120EF609100E72276 /* Frameworks */,
				ACF747B220EF609100E72276 /* Resources */,
			);
			buildRules = (
			);
			dependencies = (
			);
			name = AppVersionSample;
			productName = AppVersionSample;
			productReference = ACF747B420EF609100E72276 /* AppVersionSample.app */;
			productType = "com.apple.product-type.application";
		};
/* End PBXNativeTarget section */

/* Begin PBXProject section */
		ACF747AC20EF609100E72276 /* Project object */ = {
			isa = PBXProject;
			attributes = {
				LastSwiftUpdateCheck = 0940;
				LastUpgradeCheck = 0940;
				ORGANIZATIONNAME = "Ankush Kushwaha";
				TargetAttributes = {
					ACF747B320EF609100E72276 = {
						CreatedOnToolsVersion = 9.4.1;
					};
				};
			};
			buildConfigurationList = ACF747AF20EF609100E72276 /* Build configuration list for PBXProject "AppVersionSample" */;
			compatibilityVersion = "Xcode 9.3";
			developmentRegion = en;
			hasScannedForEncodings = 0;
			knownRegions = (
				en,
				Base,
			);
			mainGroup = ACF747AB20EF609100E72276;
			productRefGroup = ACF747B520EF609100E72276 /* Products */;
			projectDirPath = "";
			projectRoot = "";
			targets = (
				ACF747B320EF609100E72276 /* AppVersionSample */,
			);
		};
/* End PBXProject section */

/* Begin PBXResourcesBuildPhase section */
		ACF747B220EF609100E72276 /* Resources */ = {
			isa = PBXResourcesBuildPhase;
			buildActionMask = 2147483647;
			files = (
				ACF747C220EF609100E72276 /* LaunchScreen.storyboard in Resources */,
				ACF747BF20EF609100E72276 /* Assets.xcassets in Resources */,
				ACF747BD20EF609100E72276 /* Main.storyboard in Resources */,
			);
			runOnlyForDeploymentPostprocessing = 0;
		};
/* End PBXResourcesBuildPhase section */

/* Begin PBXShellScriptBuildPhase section */
		ACF747C920EF613B00E72276 /* Run Script- Generate AppInfo */ = {
			isa = PBXShellScriptBuildPhase;
			buildActionMask = 2147483647;
			files = (
			);
			inputPaths = (
			);
			name = "Run Script- Generate AppInfo";
			outputPaths = (
			);
			runOnlyForDeploymentPostprocessing = 0;
			shellPath = /bin/sh;
			shellScript = "#/bin/sh\n\nversion=$(git rev-parse --verify HEAD | cut -c 1-7)\n\nfileContent=\"// DO NOT EDIT,\n// IT IS A MACHINE GENERATED FILE\n\n//  AppInfo.swift\n//\nimport Foundation\nclass AppInfo {\n    let version: String\n    let build: String\n    let gitCommitSHA: String = \\\"$version\\\"\n    init?() {\n        guard let version = Bundle.main.infoDictionary?[\\\"CFBundleShortVersionString\\\"] as? String,\n        let build = Bundle.main.infoDictionary?[\\\"CFBundleVersion\\\"] as? String else {\n        return nil\n    }\n    self.version = version\n    self.build = build\n}\n}\"\necho \"$fileContent\" > AppInfo.swift";
		};
/* End PBXShellScriptBuildPhase section */

/* Begin PBXSourcesBuildPhase section */
		ACF747B020EF609100E72276 /* Sources */ = {
			isa = PBXSourcesBuildPhase;
			buildActionMask = 2147483647;
			files = (
				ACF747BA20EF609100E72276 /* ViewController.swift in Sources */,
				ACF747B820EF609100E72276 /* AppDelegate.swift in Sources */,
				ACF747CD20EF6CDA00E72276 /* AppInfo.swift in Sources */,
			);
			runOnlyForDeploymentPostprocessing = 0;
		};
/* End PBXSourcesBuildPhase section */

/* Begin PBXVariantGroup section */
		ACF747BB20EF609100E72276 /* Main.storyboard */ = {
			isa = PBXVariantGroup;
			children = (
				ACF747BC20EF609100E72276 /* Base */,
			);
			name = Main.storyboard;
			sourceTree = "<group>";
		};
		ACF747C020EF609100E72276 /* LaunchScreen.storyboard */ = {
			isa = PBXVariantGroup;
			children = (
				ACF747C120EF609100E72276 /* Base */,
			);
			name = LaunchScreen.storyboard;
			sourceTree = "<group>";
		};
/* End PBXVariantGroup section */

/* Begin XCBuildConfiguration section */
		ACF747C420EF609100E72276 /* Debug */ = {
			isa = XCBuildConfiguration;
			buildSettings = {
				ALWAYS_SEARCH_USER_PATHS = NO;
				CLANG_ANALYZER_NONNULL = YES;
				CLANG_ANALYZER_NUMBER_OBJECT_CONVERSION = YES_AGGRESSIVE;
				CLANG_CXX_LANGUAGE_STANDARD = "gnu++14";
				CLANG_CXX_LIBRARY = "libc++";
				CLANG_ENABLE_MODULES = YES;
				CLANG_ENABLE_OBJC_ARC = YES;
				CLANG_ENABLE_OBJC_WEAK = YES;
				CLANG_WARN_BLOCK_CAPTURE_AUTORELEASING = YES;
				CLANG_WARN_BOOL_CONVERSION = YES;
				CLANG_WARN_COMMA = YES;
				CLANG_WARN_CONSTANT_CONVERSION = YES;
				CLANG_WARN_DEPRECATED_OBJC_IMPLEMENTATIONS = YES;
				CLANG_WARN_DIRECT_OBJC_ISA_USAGE = YES_ERROR;
				CLANG_WARN_DOCUMENTATION_COMMENTS = YES;
				CLANG_WARN_EMPTY_BODY = YES;
				CLANG_WARN_ENUM_CONVERSION = YES;
				CLANG_WARN_INFINITE_RECURSION = YES;
				CLANG_WARN_INT_CONVERSION = YES;
				CLANG_WARN_NON_LITERAL_NULL_CONVERSION = YES;
				CLANG_WARN_OBJC_IMPLICIT_RETAIN_SELF = YES;
				CLANG_WARN_OBJC_LITERAL_CONVERSION = YES;
				CLANG_WARN_OBJC_ROOT_CLASS = YES_ERROR;
				CLANG_WARN_RANGE_LOOP_ANALYSIS = YES;
				CLANG_WARN_STRICT_PROTOTYPES = YES;
				CLANG_WARN_SUSPICIOUS_MOVE = YES;
				CLANG_WARN_UNGUARDED_AVAILABILITY = YES_AGGRESSIVE;
				CLANG_WARN_UNREACHABLE_CODE = YES;
				CLANG_WARN__DUPLICATE_METHOD_MATCH = YES;
				CODE_SIGN_IDENTITY = "iPhone Developer";
				COPY_PHASE_STRIP = NO;
				DEBUG_INFORMATION_FORMAT = dwarf;
				ENABLE_STRICT_OBJC_MSGSEND = YES;
				ENABLE_TESTABILITY = YES;
				GCC_C_LANGUAGE_STANDARD = gnu11;
				GCC_DYNAMIC_NO_PIC = NO;
				GCC_NO_COMMON_BLOCKS = YES;
				GCC_OPTIMIZATION_LEVEL = 0;
				GCC_PREPROCESSOR_DEFINITIONS = (
					"DEBUG=1",
					"$(inherited)",
				);
				GCC_WARN_64_TO_32_BIT_CONVERSION = YES;
				GCC_WARN_ABOUT_RETURN_TYPE = YES_ERROR;
				GCC_WARN_UNDECLARED_SELECTOR = YES;
				GCC_WARN_UNINITIALIZED_AUTOS = YES_AGGRESSIVE;
				GCC_WARN_UNUSED_FUNCTION = YES;
				GCC_WARN_UNUSED_VARIABLE = YES;
				IPHONEOS_DEPLOYMENT_TARGET = 11.4;
				MTL_ENABLE_DEBUG_INFO = YES;
				ONLY_ACTIVE_ARCH = YES;
				SDKROOT = iphoneos;
				SWIFT_ACTIVE_COMPILATION_CONDITIONS = DEBUG;
				SWIFT_OPTIMIZATION_LEVEL = "-Onone";
			};
			name = Debug;
		};
		ACF747C520EF609100E72276 /* Release */ = {
			isa = XCBuildConfiguration;
			buildSettings = {
				ALWAYS_SEARCH_USER_PATHS = NO;
				CLANG_ANALYZER_NONNULL = YES;
				CLANG_ANALYZER_NUMBER_OBJECT_CONVERSION = YES_AGGRESSIVE;
				CLANG_CXX_LANGUAGE_STANDARD = "gnu++14";
				CLANG_CXX_LIBRARY = "libc++";
				CLANG_ENABLE_MODULES = YES;
				CLANG_ENABLE_OBJC_ARC = YES;
				CLANG_ENABLE_OBJC_WEAK = YES;
				CLANG_WARN_BLOCK_CAPTURE_AUTORELEASING = YES;
				CLANG_WARN_BOOL_CONVERSION = YES;
				CLANG_WARN_COMMA = YES;
				CLANG_WARN_CONSTANT_CONVERSION = YES;
				CLANG_WARN_DEPRECATED_OBJC_IMPLEMENTATIONS = YES;
				CLANG_WARN_DIRECT_OBJC_ISA_USAGE = YES_ERROR;
				CLANG_WARN_DOCUMENTATION_COMMENTS = YES;
				CLANG_WARN_EMPTY_BODY = YES;
				CLANG_WARN_ENUM_CONVERSION = YES;
				CLANG_WARN_INFINITE_RECURSION = YES;
				CLANG_WARN_INT_CONVERSION = YES;
				CLANG_WARN_NON_LITERAL_NULL_CONVERSION = YES;
				CLANG_WARN_OBJC_IMPLICIT_RETAIN_SELF = YES;
				CLANG_WARN_OBJC_LITERAL_CONVERSION = YES;
				CLANG_WARN_OBJC_ROOT_CLASS = YES_ERROR;
				CLANG_WARN_RANGE_LOOP_ANALYSIS = YES;
				CLANG_WARN_STRICT_PROTOTYPES = YES;
				CLANG_WARN_SUSPICIOUS_MOVE = YES;
				CLANG_WARN_UNGUARDED_AVAILABILITY = YES_AGGRESSIVE;
				CLANG_WARN_UNREACHABLE_CODE = YES;
				CLANG_WARN__DUPLICATE_METHOD_MATCH = YES;
				CODE_SIGN_IDENTITY = "iPhone Developer";
				COPY_PHASE_STRIP = NO;
				DEBUG_INFORMATION_FORMAT = "dwarf-with-dsym";
				ENABLE_NS_ASSERTIONS = NO;
				ENABLE_STRICT_OBJC_MSGSEND = YES;
				GCC_C_LANGUAGE_STANDARD = gnu11;
				GCC_NO_COMMON_BLOCKS = YES;
				GCC_WARN_64_TO_32_BIT_CONVERSION = YES;
				GCC_WARN_ABOUT_RETURN_TYPE = YES_ERROR;
				GCC_WARN_UNDECLARED_SELECTOR = YES;
				GCC_WARN_UNINITIALIZED_AUTOS = YES_AGGRESSIVE;
				GCC_WARN_UNUSED_FUNCTION = YES;
				GCC_WARN_UNUSED_VARIABLE = YES;
				IPHONEOS_DEPLOYMENT_TARGET = 11.4;
				MTL_ENABLE_DEBUG_INFO = NO;
				SDKROOT = iphoneos;
				SWIFT_COMPILATION_MODE = wholemodule;
				SWIFT_OPTIMIZATION_LEVEL = "-O";
				VALIDATE_PRODUCT = YES;
			};
			name = Release;
		};
		ACF747C720EF609100E72276 /* Debug */ = {
			isa = XCBuildConfiguration;
			buildSettings = {
				ASSETCATALOG_COMPILER_APPICON_NAME = AppIcon;
				CODE_SIGN_STYLE = Automatic;
				INFOPLIST_FILE = AppVersionSample/Info.plist;
				LD_RUNPATH_SEARCH_PATHS = (
					"$(inherited)",
					"@executable_path/Frameworks",
				);
				PRODUCT_BUNDLE_IDENTIFIER = com.buildversioning.app.AppVersionSample;
				PRODUCT_NAME = "$(TARGET_NAME)";
				SWIFT_VERSION = 4.0;
				TARGETED_DEVICE_FAMILY = "1,2";
			};
			name = Debug;
		};
		ACF747C820EF609100E72276 /* Release */ = {
			isa = XCBuildConfiguration;
			buildSettings = {
				ASSETCATALOG_COMPILER_APPICON_NAME = AppIcon;
				CODE_SIGN_STYLE = Automatic;
				INFOPLIST_FILE = AppVersionSample/Info.plist;
				LD_RUNPATH_SEARCH_PATHS = (
					"$(inherited)",
					"@executable_path/Frameworks",
				);
				PRODUCT_BUNDLE_IDENTIFIER = com.buildversioning.app.AppVersionSample;
				PRODUCT_NAME = "$(TARGET_NAME)";
				SWIFT_VERSION = 4.0;
				TARGETED_DEVICE_FAMILY = "1,2";
			};
			name = Release;
		};
/* End XCBuildConfiguration section */

/* Begin XCConfigurationList section */
		ACF747AF20EF609100E72276 /* Build configuration list for PBXProject "AppVersionSample" */ = {
			isa = XCConfigurationList;
			buildConfigurations = (
				ACF747C420EF609100E72276 /* Debug */,
				ACF747C520EF609100E72276 /* Release */,
			);
			defaultConfigurationIsVisible = 0;
			defaultConfigurationName = Release;
		};
		ACF747C620EF609100E72276 /* Build configuration list for PBXNativeTarget "AppVersionSample" */ = {
			isa = XCConfigurationList;
			buildConfigurations = (
				ACF747C720EF609100E72276 /* Debug */,
				ACF747C820EF609100E72276 /* Release */,
			);
			defaultConfigurationIsVisible = 0;
			defaultConfigurationName = Release;
		};
/* End XCConfigurationList section */
	};
	rootObject = ACF747AC20EF609100E72276 /* Project object */;
}
